// !$*UTF8*$!
{
	archiveVersion = 1;
	classes = {
	};
	objectVersion = 46;
	objects = {

/* Begin PBXBuildFile section */
		0D96CE121E56908A007FC693 /* main.m in Sources */ = {isa = PBXBuildFile; fileRef = 0D96CE111E56908A007FC693 /* main.m */; };
		0D96CE151E56908A007FC693 /* AppDelegate.m in Sources */ = {isa = PBXBuildFile; fileRef = 0D96CE141E56908A007FC693 /* AppDelegate.m */; };
		0D96CE1B1E56908A007FC693 /* Main.storyboard in Resources */ = {isa = PBXBuildFile; fileRef = 0D96CE191E56908A007FC693 /* Main.storyboard */; };
		0D96CE1D1E56908A007FC693 /* Assets.xcassets in Resources */ = {isa = PBXBuildFile; fileRef = 0D96CE1C1E56908A007FC693 /* Assets.xcassets */; };
		0D96CE201E56908A007FC693 /* LaunchScreen.storyboard in Resources */ = {isa = PBXBuildFile; fileRef = 0D96CE1E1E56908A007FC693 /* LaunchScreen.storyboard */; };
		0D96CE2B1E56908A007FC693 /* CustomTababrTests.m in Sources */ = {isa = PBXBuildFile; fileRef = 0D96CE2A1E56908A007FC693 /* CustomTababrTests.m */; };
		0D96CE361E56908B007FC693 /* CustomTababrUITests.m in Sources */ = {isa = PBXBuildFile; fileRef = 0D96CE351E56908B007FC693 /* CustomTababrUITests.m */; };
		0D96CE451E569165007FC693 /* YYTabBarViewController.m in Sources */ = {isa = PBXBuildFile; fileRef = 0D96CE441E569165007FC693 /* YYTabBarViewController.m */; };
		0D96CE481E569274007FC693 /* RedViewController.m in Sources */ = {isa = PBXBuildFile; fileRef = 0D96CE471E569274007FC693 /* RedViewController.m */; };
		0D96CE4B1E569284007FC693 /* YellowViewController.m in Sources */ = {isa = PBXBuildFile; fileRef = 0D96CE4A1E569284007FC693 /* YellowViewController.m */; };
		0D96CE4E1E56928F007FC693 /* BlueViewController.m in Sources */ = {isa = PBXBuildFile; fileRef = 0D96CE4D1E56928F007FC693 /* BlueViewController.m */; };
		0D96CE511E569504007FC693 /* YYTabBarButton.m in Sources */ = {isa = PBXBuildFile; fileRef = 0D96CE501E569504007FC693 /* YYTabBarButton.m */; };
/* End PBXBuildFile section */

/* Begin PBXContainerItemProxy section */
		0D96CE271E56908A007FC693 /* PBXContainerItemProxy */ = {
			isa = PBXContainerItemProxy;
			containerPortal = 0D96CE051E56908A007FC693 /* Project object */;
			proxyType = 1;
			remoteGlobalIDString = 0D96CE0C1E56908A007FC693;
			remoteInfo = CustomTababr;
		};
		0D96CE321E56908B007FC693 /* PBXContainerItemProxy */ = {
			isa = PBXContainerItemProxy;
			containerPortal = 0D96CE051E56908A007FC693 /* Project object */;
			proxyType = 1;
			remoteGlobalIDString = 0D96CE0C1E56908A007FC693;
			remoteInfo = CustomTababr;
		};
/* End PBXContainerItemProxy section */

/* Begin PBXFileReference section */
		0D96CE0D1E56908A007FC693 /* CustomTababr.app */ = {isa = PBXFileReference; explicitFileType = wrapper.application; includeInIndex = 0; path = CustomTababr.app; sourceTree = BUILT_PRODUCTS_DIR; };
		0D96CE111E56908A007FC693 /* main.m */ = {isa = PBXFileReference; lastKnownFileType = sourcecode.c.objc; path = main.m; sourceTree = "<group>"; };
		0D96CE131E56908A007FC693 /* AppDelegate.h */ = {isa = PBXFileReference; lastKnownFileType = sourcecode.c.h; path = AppDelegate.h; sourceTree = "<group>"; };
		0D96CE141E56908A007FC693 /* AppDelegate.m */ = {isa = PBXFileReference; lastKnownFileType = sourcecode.c.objc; path = AppDelegate.m; sourceTree = "<group>"; };
		0D96CE1A1E56908A007FC693 /* Base */ = {isa = PBXFileReference; lastKnownFileType = file.storyboard; name = Base; path = Base.lproj/Main.storyboard; sourceTree = "<group>"; };
		0D96CE1C1E56908A007FC693 /* Assets.xcassets */ = {isa = PBXFileReference; lastKnownFileType = folder.assetcatalog; path = Assets.xcassets; sourceTree = "<group>"; };
		0D96CE1F1E56908A007FC693 /* Base */ = {isa = PBXFileReference; lastKnownFileType = file.storyboard; name = Base; path = Base.lproj/LaunchScreen.storyboard; sourceTree = "<group>"; };
		0D96CE211E56908A007FC693 /* Info.plist */ = {isa = PBXFileReference; lastKnownFileType = text.plist.xml; path = Info.plist; sourceTree = "<group>"; };
		0D96CE261E56908A007FC693 /* CustomTababrTests.xctest */ = {isa = PBXFileReference; explicitFileType = wrapper.cfbundle; includeInIndex = 0; path = CustomTababrTests.xctest; sourceTree = BUILT_PRODUCTS_DIR; };
		0D96CE2A1E56908A007FC693 /* CustomTababrTests.m */ = {isa = PBXFileReference; lastKnownFileType = sourcecode.c.objc; path = CustomTababrTests.m; sourceTree = "<group>"; };
		0D96CE2C1E56908A007FC693 /* Info.plist */ = {isa = PBXFileReference; lastKnownFileType = text.plist.xml; path = Info.plist; sourceTree = "<group>"; };
		0D96CE311E56908B007FC693 /* CustomTababrUITests.xctest */ = {isa = PBXFileReference; explicitFileType = wrapper.cfbundle; includeInIndex = 0; path = CustomTababrUITests.xctest; sourceTree = BUILT_PRODUCTS_DIR; };
		0D96CE351E56908B007FC693 /* CustomTababrUITests.m */ = {isa = PBXFileReference; lastKnownFileType = sourcecode.c.objc; path = CustomTababrUITests.m; sourceTree = "<group>"; };
		0D96CE371E56908B007FC693 /* Info.plist */ = {isa = PBXFileReference; lastKnownFileType = text.plist.xml; path = Info.plist; sourceTree = "<group>"; };
		0D96CE431E569165007FC693 /* YYTabBarViewController.h */ = {isa = PBXFileReference; fileEncoding = 4; lastKnownFileType = sourcecode.c.h; path = YYTabBarViewController.h; sourceTree = "<group>"; };
		0D96CE441E569165007FC693 /* YYTabBarViewController.m */ = {isa = PBXFileReference; fileEncoding = 4; lastKnownFileType = sourcecode.c.objc; path = YYTabBarViewController.m; sourceTree = "<group>"; };
		0D96CE461E569274007FC693 /* RedViewController.h */ = {isa = PBXFileReference; fileEncoding = 4; lastKnownFileType = sourcecode.c.h; path = RedViewController.h; sourceTree = "<group>"; };
		0D96CE471E569274007FC693 /* RedViewController.m */ = {isa = PBXFileReference; fileEncoding = 4; lastKnownFileType = sourcecode.c.objc; path = RedViewController.m; sourceTree = "<group>"; };
		0D96CE491E569284007FC693 /* YellowViewController.h */ = {isa = PBXFileReference; fileEncoding = 4; lastKnownFileType = sourcecode.c.h; path = YellowViewController.h; sourceTree = "<group>"; };
		0D96CE4A1E569284007FC693 /* YellowViewController.m */ = {isa = PBXFileReference; fileEncoding = 4; lastKnownFileType = sourcecode.c.objc; path = YellowViewController.m; sourceTree = "<group>"; };
		0D96CE4C1E56928F007FC693 /* BlueViewController.h */ = {isa = PBXFileReference; fileEncoding = 4; lastKnownFileType = sourcecode.c.h; path = BlueViewController.h; sourceTree = "<group>"; };
		0D96CE4D1E56928F007FC693 /* BlueViewController.m */ = {isa = PBXFileReference; fileEncoding = 4; lastKnownFileType = sourcecode.c.objc; path = BlueViewController.m; sourceTree = "<group>"; };
		0D96CE4F1E569504007FC693 /* YYTabBarButton.h */ = {isa = PBXFileReference; fileEncoding = 4; lastKnownFileType = sourcecode.c.h; path = YYTabBarButton.h; sourceTree = "<group>"; };
		0D96CE501E569504007FC693 /* YYTabBarButton.m */ = {isa = PBXFileReference; fileEncoding = 4; lastKnownFileType = sourcecode.c.objc; path = YYTabBarButton.m; sourceTree = "<group>"; };
/* End PBXFileReference section */

/* Begin PBXFrameworksBuildPhase section */
		0D96CE0A1E56908A007FC693 /* Frameworks */ = {
			isa = PBXFrameworksBuildPhase;
			buildActionMask = 2147483647;
			files = (
			);
			runOnlyForDeploymentPostprocessing = 0;
		};
		0D96CE231E56908A007FC693 /* Frameworks */ = {
			isa = PBXFrameworksBuildPhase;
			buildActionMask = 2147483647;
			files = (
			);
			runOnlyForDeploymentPostprocessing = 0;
		};
		0D96CE2E1E56908B007FC693 /* Frameworks */ = {
			isa = PBXFrameworksBuildPhase;
			buildActionMask = 2147483647;
			files = (
			);
			runOnlyForDeploymentPostprocessing = 0;
		};
/* End PBXFrameworksBuildPhase section */

/* Begin PBXGroup section */
		0D96CE041E56908A007FC693 = {
			isa = PBXGroup;
			children = (
				0D96CE0F1E56908A007FC693 /* CustomTababr */,
				0D96CE291E56908A007FC693 /* CustomTababrTests */,
				0D96CE341E56908B007FC693 /* CustomTababrUITests */,
				0D96CE0E1E56908A007FC693 /* Products */,
			);
			sourceTree = "<group>";
		};
		0D96CE0E1E56908A007FC693 /* Products */ = {
			isa = PBXGroup;
			children = (
				0D96CE0D1E56908A007FC693 /* CustomTababr.app */,
				0D96CE261E56908A007FC693 /* CustomTababrTests.xctest */,
				0D96CE311E56908B007FC693 /* CustomTababrUITests.xctest */,
			);
			name = Products;
			sourceTree = "<group>";
		};
		0D96CE0F1E56908A007FC693 /* CustomTababr */ = {
			isa = PBXGroup;
			children = (
				0D96CE131E56908A007FC693 /* AppDelegate.h */,
				0D96CE141E56908A007FC693 /* AppDelegate.m */,
				0D96CE4F1E569504007FC693 /* YYTabBarButton.h */,
				0D96CE501E569504007FC693 /* YYTabBarButton.m */,
				0D96CE431E569165007FC693 /* YYTabBarViewController.h */,
				0D96CE441E569165007FC693 /* YYTabBarViewController.m */,
				0D96CE461E569274007FC693 /* RedViewController.h */,
				0D96CE471E569274007FC693 /* RedViewController.m */,
				0D96CE491E569284007FC693 /* YellowViewController.h */,
				0D96CE4A1E569284007FC693 /* YellowViewController.m */,
				0D96CE4C1E56928F007FC693 /* BlueViewController.h */,
				0D96CE4D1E56928F007FC693 /* BlueViewController.m */,
				0D96CE191E56908A007FC693 /* Main.storyboard */,
				0D96CE1C1E56908A007FC693 /* Assets.xcassets */,
				0D96CE1E1E56908A007FC693 /* LaunchScreen.storyboard */,
				0D96CE211E56908A007FC693 /* Info.plist */,
				0D96CE101E56908A007FC693 /* Supporting Files */,
			);
			path = CustomTababr;
			sourceTree = "<group>";
		};
		0D96CE101E56908A007FC693 /* Supporting Files */ = {
			isa = PBXGroup;
			children = (
				0D96CE111E56908A007FC693 /* main.m */,
			);
			name = "Supporting Files";
			sourceTree = "<group>";
		};
		0D96CE291E56908A007FC693 /* CustomTababrTests */ = {
			isa = PBXGroup;
			children = (
				0D96CE2A1E56908A007FC693 /* CustomTababrTests.m */,
				0D96CE2C1E56908A007FC693 /* Info.plist */,
			);
			path = CustomTababrTests;
			sourceTree = "<group>";
		};
		0D96CE341E56908B007FC693 /* CustomTababrUITests */ = {
			isa = PBXGroup;
			children = (
				0D96CE351E56908B007FC693 /* CustomTababrUITests.m */,
				0D96CE371E56908B007FC693 /* Info.plist */,
			);
			path = CustomTababrUITests;
			sourceTree = "<group>";
		};
/* End PBXGroup section */

/* Begin PBXNativeTarget section */
		0D96CE0C1E56908A007FC693 /* CustomTababr */ = {
			isa = PBXNativeTarget;
			buildConfigurationList = 0D96CE3A1E56908B007FC693 /* Build configuration list for PBXNativeTarget "CustomTababr" */;
			buildPhases = (
				0D96CE091E56908A007FC693 /* Sources */,
				0D96CE0A1E56908A007FC693 /* Frameworks */,
				0D96CE0B1E56908A007FC693 /* Resources */,
			);
			buildRules = (
			);
			dependencies = (
			);
			name = CustomTababr;
			productName = CustomTababr;
			productReference = 0D96CE0D1E56908A007FC693 /* CustomTababr.app */;
			productType = "com.apple.product-type.application";
		};
		0D96CE251E56908A007FC693 /* CustomTababrTests */ = {
			isa = PBXNativeTarget;
			buildConfigurationList = 0D96CE3D1E56908B007FC693 /* Build configuration list for PBXNativeTarget "CustomTababrTests" */;
			buildPhases = (
				0D96CE221E56908A007FC693 /* Sources */,
				0D96CE231E56908A007FC693 /* Frameworks */,
				0D96CE241E56908A007FC693 /* Resources */,
			);
			buildRules = (
			);
			dependencies = (
				0D96CE281E56908A007FC693 /* PBXTargetDependency */,
			);
			name = CustomTababrTests;
			productName = CustomTababrTests;
			productReference = 0D96CE261E56908A007FC693 /* CustomTababrTests.xctest */;
			productType = "com.apple.product-type.bundle.unit-test";
		};
		0D96CE301E56908B007FC693 /* CustomTababrUITests */ = {
			isa = PBXNativeTarget;
			buildConfigurationList = 0D96CE401E56908B007FC693 /* Build configuration list for PBXNativeTarget "CustomTababrUITests" */;
			buildPhases = (
				0D96CE2D1E56908B007FC693 /* Sources */,
				0D96CE2E1E56908B007FC693 /* Frameworks */,
				0D96CE2F1E56908B007FC693 /* Resources */,
			);
			buildRules = (
			);
			dependencies = (
				0D96CE331E56908B007FC693 /* PBXTargetDependency */,
			);
			name = CustomTababrUITests;
			productName = CustomTababrUITests;
			productReference = 0D96CE311E56908B007FC693 /* CustomTababrUITests.xctest */;
			productType = "com.apple.product-type.bundle.ui-testing";
		};
/* End PBXNativeTarget section */

/* Begin PBXProject section */
		0D96CE051E56908A007FC693 /* Project object */ = {
			isa = PBXProject;
			attributes = {
				LastUpgradeCheck = 0820;
				ORGANIZATIONNAME = YYStar;
				TargetAttributes = {
					0D96CE0C1E56908A007FC693 = {
						CreatedOnToolsVersion = 8.2.1;
						ProvisioningStyle = Automatic;
					};
					0D96CE251E56908A007FC693 = {
						CreatedOnToolsVersion = 8.2.1;
						ProvisioningStyle = Automatic;
						TestTargetID = 0D96CE0C1E56908A007FC693;
					};
					0D96CE301E56908B007FC693 = {
						CreatedOnToolsVersion = 8.2.1;
						ProvisioningStyle = Automatic;
						TestTargetID = 0D96CE0C1E56908A007FC693;
					};
				};
			};
			buildConfigurationList = 0D96CE081E56908A007FC693 /* Build configuration list for PBXProject "CustomTababr" */;
			compatibilityVersion = "Xcode 3.2";
			developmentRegion = English;
			hasScannedForEncodings = 0;
			knownRegions = (
				en,
				Base,
			);
			mainGroup = 0D96CE041E56908A007FC693;
			productRefGroup = 0D96CE0E1E56908A007FC693 /* Products */;
			projectDirPath = "";
			projectRoot = "";
			targets = (
				0D96CE0C1E56908A007FC693 /* CustomTababr */,
				0D96CE251E56908A007FC693 /* CustomTababrTests */,
				0D96CE301E56908B007FC693 /* CustomTababrUITests */,
			);
		};
/* End PBXProject section */

/* Begin PBXResourcesBuildPhase section */
		0D96CE0B1E56908A007FC693 /* Resources */ = {
			isa = PBXResourcesBuildPhase;
			buildActionMask = 2147483647;
			files = (
				0D96CE201E56908A007FC693 /* LaunchScreen.storyboard in Resources */,
				0D96CE1D1E56908A007FC693 /* Assets.xcassets in Resources */,
				0D96CE1B1E56908A007FC693 /* Main.storyboard in Resources */,
			);
			runOnlyForDeploymentPostprocessing = 0;
		};
		0D96CE241E56908A007FC693 /* Resources */ = {
			isa = PBXResourcesBuildPhase;
			buildActionMask = 2147483647;
			files = (
			);
			runOnlyForDeploymentPostprocessing = 0;
		};
		0D96CE2F1E56908B007FC693 /* Resources */ = {
			isa = PBXResourcesBuildPhase;
			buildActionMask = 2147483647;
			files = (
			);
			runOnlyForDeploymentPostprocessing = 0;
		};
/* End PBXResourcesBuildPhase section */

/* Begin PBXSourcesBuildPhase section */
		0D96CE091E56908A007FC693 /* Sources */ = {
			isa = PBXSourcesBuildPhase;
			buildActionMask = 2147483647;
			files = (
				0D96CE481E569274007FC693 /* RedViewController.m in Sources */,
				0D96CE4B1E569284007FC693 /* YellowViewController.m in Sources */,
				0D96CE4E1E56928F007FC693 /* BlueViewController.m in Sources */,
				0D96CE151E56908A007FC693 /* AppDelegate.m in Sources */,
				0D96CE511E569504007FC693 /* YYTabBarButton.m in Sources */,
				0D96CE451E569165007FC693 /* YYTabBarViewController.m in Sources */,
				0D96CE121E56908A007FC693 /* main.m in Sources */,
			);
			runOnlyForDeploymentPostprocessing = 0;
		};
		0D96CE221E56908A007FC693 /* Sources */ = {
			isa = PBXSourcesBuildPhase;
			buildActionMask = 2147483647;
			files = (
				0D96CE2B1E56908A007FC693 /* CustomTababrTests.m in Sources */,
			);
			runOnlyForDeploymentPostprocessing = 0;
		};
		0D96CE2D1E56908B007FC693 /* Sources */ = {
			isa = PBXSourcesBuildPhase;
			buildActionMask = 2147483647;
			files = (
				0D96CE361E56908B007FC693 /* CustomTababrUITests.m in Sources */,
			);
			runOnlyForDeploymentPostprocessing = 0;
		};
/* End PBXSourcesBuildPhase section */

/* Begin PBXTargetDependency section */
		0D96CE281E56908A007FC693 /* PBXTargetDependency */ = {
			isa = PBXTargetDependency;
			target = 0D96CE0C1E56908A007FC693 /* CustomTababr */;
			targetProxy = 0D96CE271E56908A007FC693 /* PBXContainerItemProxy */;
		};
		0D96CE331E56908B007FC693 /* PBXTargetDependency */ = {
			isa = PBXTargetDependency;
			target = 0D96CE0C1E56908A007FC693 /* CustomTababr */;
			targetProxy = 0D96CE321E56908B007FC693 /* PBXContainerItemProxy */;
		};
/* End PBXTargetDependency section */

/* Begin PBXVariantGroup section */
		0D96CE191E56908A007FC693 /* Main.storyboard */ = {
			isa = PBXVariantGroup;
			children = (
				0D96CE1A1E56908A007FC693 /* Base */,
			);
			name = Main.storyboard;
			sourceTree = "<group>";
		};
		0D96CE1E1E56908A007FC693 /* LaunchScreen.storyboard */ = {
			isa = PBXVariantGroup;
			children = (
				0D96CE1F1E56908A007FC693 /* Base */,
			);
			name = LaunchScreen.storyboard;
			sourceTree = "<group>";
		};
/* End PBXVariantGroup section */

/* Begin XCBuildConfiguration section */
		0D96CE381E56908B007FC693 /* Debug */ = {
			isa = XCBuildConfiguration;
			buildSettings = {
				ALWAYS_SEARCH_USER_PATHS = NO;
				CLANG_ANALYZER_NONNULL = YES;
				CLANG_CXX_LANGUAGE_STANDARD = "gnu++0x";
				CLANG_CXX_LIBRARY = "libc++";
				CLANG_ENABLE_MODULES = YES;
				CLANG_ENABLE_OBJC_ARC = YES;
				CLANG_WARN_BOOL_CONVERSION = YES;
				CLANG_WARN_CONSTANT_CONVERSION = YES;
				CLANG_WARN_DIRECT_OBJC_ISA_USAGE = YES_ERROR;
				CLANG_WARN_DOCUMENTATION_COMMENTS = YES;
				CLANG_WARN_EMPTY_BODY = YES;
				CLANG_WARN_ENUM_CONVERSION = YES;
				CLANG_WARN_INFINITE_RECURSION = YES;
				CLANG_WARN_INT_CONVERSION = YES;
				CLANG_WARN_OBJC_ROOT_CLASS = YES_ERROR;
				CLANG_WARN_SUSPICIOUS_MOVE = YES;
				CLANG_WARN_UNREACHABLE_CODE = YES;
				CLANG_WARN__DUPLICATE_METHOD_MATCH = YES;
				"CODE_SIGN_IDENTITY[sdk=iphoneos*]" = "iPhone Developer";
				COPY_PHASE_STRIP = NO;
				DEBUG_INFORMATION_FORMAT = dwarf;
				ENABLE_STRICT_OBJC_MSGSEND = YES;
				ENABLE_TESTABILITY = YES;
				GCC_C_LANGUAGE_STANDARD = gnu99;
				GCC_DYNAMIC_NO_PIC = NO;
				GCC_NO_COMMON_BLOCKS = YES;
				GCC_OPTIMIZATION_LEVEL = 0;
				GCC_PREPROCESSOR_DEFINITIONS = (
					"DEBUG=1",
					"$(inherited)",
				);
				GCC_WARN_64_TO_32_BIT_CONVERSION = YES;
				GCC_WARN_ABOUT_RETURN_TYPE = YES_ERROR;
				GCC_WARN_UNDECLARED_SELECTOR = YES;
				GCC_WARN_UNINITIALIZED_AUTOS = YES_AGGRESSIVE;
				GCC_WARN_UNUSED_FUNCTION = YES;
				GCC_WARN_UNUSED_VARIABLE = YES;
				IPHONEOS_DEPLOYMENT_TARGET = 10.2;
				MTL_ENABLE_DEBUG_INFO = YES;
				ONLY_ACTIVE_ARCH = YES;
				SDKROOT = iphoneos;
			};
			name = Debug;
		};
		0D96CE391E56908B007FC693 /* Release */ = {
			isa = XCBuildConfiguration;
			buildSettings = {
				ALWAYS_SEARCH_USER_PATHS = NO;
				CLANG_ANALYZER_NONNULL = YES;
				CLANG_CXX_LANGUAGE_STANDARD = "gnu++0x";
				CLANG_CXX_LIBRARY = "libc++";
				CLANG_ENABLE_MODULES = YES;
				CLANG_ENABLE_OBJC_ARC = YES;
				CLANG_WARN_BOOL_CONVERSION = YES;
				CLANG_WARN_CONSTANT_CONVERSION = YES;
				CLANG_WARN_DIRECT_OBJC_ISA_USAGE = YES_ERROR;
				CLANG_WARN_DOCUMENTATION_COMMENTS = YES;
				CLANG_WARN_EMPTY_BODY = YES;
				CLANG_WARN_ENUM_CONVERSION = YES;
				CLANG_WARN_INFINITE_RECURSION = YES;
				CLANG_WARN_INT_CONVERSION = YES;
				CLANG_WARN_OBJC_ROOT_CLASS = YES_ERROR;
				CLANG_WARN_SUSPICIOUS_MOVE = YES;
				CLANG_WARN_UNREACHABLE_CODE = YES;
				CLANG_WARN__DUPLICATE_METHOD_MATCH = YES;
				"CODE_SIGN_IDENTITY[sdk=iphoneos*]" = "iPhone Developer";
				COPY_PHASE_STRIP = NO;
				DEBUG_INFORMATION_FORMAT = "dwarf-with-dsym";
				ENABLE_NS_ASSERTIONS = NO;
				ENABLE_STRICT_OBJC_MSGSEND = YES;
				GCC_C_LANGUAGE_STANDARD = gnu99;
				GCC_NO_COMMON_BLOCKS = YES;
				GCC_WARN_64_TO_32_BIT_CONVERSION = YES;
				GCC_WARN_ABOUT_RETURN_TYPE = YES_ERROR;
				GCC_WARN_UNDECLARED_SELECTOR = YES;
				GCC_WARN_UNINITIALIZED_AUTOS = YES_AGGRESSIVE;
				GCC_WARN_UNUSED_FUNCTION = YES;
				GCC_WARN_UNUSED_VARIABLE = YES;
				IPHONEOS_DEPLOYMENT_TARGET = 10.2;
				MTL_ENABLE_DEBUG_INFO = NO;
				SDKROOT = iphoneos;
				VALIDATE_PRODUCT = YES;
			};
			name = Release;
		};
		0D96CE3B1E56908B007FC693 /* Debug */ = {
			isa = XCBuildConfiguration;
			buildSettings = {
				ASSETCATALOG_COMPILER_APPICON_NAME = AppIcon;
				INFOPLIST_FILE = CustomTababr/Info.plist;
				LD_RUNPATH_SEARCH_PATHS = "$(inherited) @executable_path/Frameworks";
				PRODUCT_BUNDLE_IDENTIFIER = YYStar.CustomTababr;
				PRODUCT_NAME = "$(TARGET_NAME)";
			};
			name = Debug;
		};
		0D96CE3C1E56908B007FC693 /* Release */ = {
			isa = XCBuildConfiguration;
			buildSettings = {
				ASSETCATALOG_COMPILER_APPICON_NAME = AppIcon;
				INFOPLIST_FILE = CustomTababr/Info.plist;
				LD_RUNPATH_SEARCH_PATHS = "$(inherited) @executable_path/Frameworks";
				PRODUCT_BUNDLE_IDENTIFIER = YYStar.CustomTababr;
				PRODUCT_NAME = "$(TARGET_NAME)";
			};
			name = Release;
		};
		0D96CE3E1E56908B007FC693 /* Debug */ = {
			isa = XCBuildConfiguration;
			buildSettings = {
				BUNDLE_LOADER = "$(TEST_HOST)";
				INFOPLIST_FILE = CustomTababrTests/Info.plist;
				LD_RUNPATH_SEARCH_PATHS = "$(inherited) @executable_path/Frameworks @loader_path/Frameworks";
				PRODUCT_BUNDLE_IDENTIFIER = YYStar.CustomTababrTests;
				PRODUCT_NAME = "$(TARGET_NAME)";
				TEST_HOST = "$(BUILT_PRODUCTS_DIR)/CustomTababr.app/CustomTababr";
			};
			name = Debug;
		};
		0D96CE3F1E56908B007FC693 /* Release */ = {
			isa = XCBuildConfiguration;
			buildSettings = {
				BUNDLE_LOADER = "$(TEST_HOST)";
				INFOPLIST_FILE = CustomTababrTests/Info.plist;
				LD_RUNPATH_SEARCH_PATHS = "$(inherited) @executable_path/Frameworks @loader_path/Frameworks";
				PRODUCT_BUNDLE_IDENTIFIER = YYStar.CustomTababrTests;
				PRODUCT_NAME = "$(TARGET_NAME)";
				TEST_HOST = "$(BUILT_PRODUCTS_DIR)/CustomTababr.app/CustomTababr";
			};
			name = Release;
		};
		0D96CE411E56908B007FC693 /* Debug */ = {
			isa = XCBuildConfiguration;
			buildSettings = {
				INFOPLIST_FILE = CustomTababrUITests/Info.plist;
				LD_RUNPATH_SEARCH_PATHS = "$(inherited) @executable_path/Frameworks @loader_path/Frameworks";
				PRODUCT_BUNDLE_IDENTIFIER = YYStar.CustomTababrUITests;
				PRODUCT_NAME = "$(TARGET_NAME)";
				TEST_TARGET_NAME = CustomTababr;
			};
			name = Debug;
		};
		0D96CE421E56908B007FC693 /* Release */ = {
			isa = XCBuildConfiguration;
			buildSettings = {
				INFOPLIST_FILE = CustomTababrUITests/Info.plist;
				LD_RUNPATH_SEARCH_PATHS = "$(inherited) @executable_path/Frameworks @loader_path/Frameworks";
				PRODUCT_BUNDLE_IDENTIFIER = YYStar.CustomTababrUITests;
				PRODUCT_NAME = "$(TARGET_NAME)";
				TEST_TARGET_NAME = CustomTababr;
			};
			name = Release;
		};
/* End XCBuildConfiguration section */

/* Begin XCConfigurationList section */
		0D96CE081E56908A007FC693 /* Build configuration list for PBXProject "CustomTababr" */ = {
			isa = XCConfigurationList;
			buildConfigurations = (
				0D96CE381E56908B007FC693 /* Debug */,
				0D96CE391E56908B007FC693 /* Release */,
			);
			defaultConfigurationIsVisible = 0;
			defaultConfigurationName = Release;
		};
		0D96CE3A1E56908B007FC693 /* Build configuration list for PBXNativeTarget "CustomTababr" */ = {
			isa = XCConfigurationList;
			buildConfigurations = (
				0D96CE3B1E56908B007FC693 /* Debug */,
				0D96CE3C1E56908B007FC693 /* Release */,
			);
			defaultConfigurationIsVisible = 0;
		};
		0D96CE3D1E56908B007FC693 /* Build configuration list for PBXNativeTarget "CustomTababrTests" */ = {
			isa = XCConfigurationList;
			buildConfigurations = (
				0D96CE3E1E56908B007FC693 /* Debug */,
				0D96CE3F1E56908B007FC693 /* Release */,
			);
			defaultConfigurationIsVisible = 0;
		};
		0D96CE401E56908B007FC693 /* Build configuration list for PBXNativeTarget "CustomTababrUITests" */ = {
			isa = XCConfigurationList;
			buildConfigurations = (
				0D96CE411E56908B007FC693 /* Debug */,
				0D96CE421E56908B007FC693 /* Release */,
			);
			defaultConfigurationIsVisible = 0;
		};
/* End XCConfigurationList section */
	};
	rootObject = 0D96CE051E56908A007FC693 /* Project object */;
}
